
Microsoft Visual Studio Solution File, Format Version 12.00
# Visual Studio 15
VisualStudioVersion = 15.0.28307.168
MinimumVisualStudioVersion = 10.0.40219.1
Project("{8BC9CEB8-8B4A-11D0-8D11-00A0C91BC942}") = "021 realloc 사용하기", "021 realloc 사용하기\021 realloc 사용하기.vcxproj", "{E696064C-551A-403E-805C-BD09947F7632}"
EndProject
Global
	GlobalSection(SolutionConfigurationPlatforms) = preSolution
		Debug|x64 = Debug|x64
		Debug|x86 = Debug|x86
		Release|x64 = Release|x64
		Release|x86 = Release|x86
	EndGlobalSection
	GlobalSection(ProjectConfigurationPlatforms) = postSolution
		{E696064C-551A-403E-805C-BD09947F7632}.Debug|x64.ActiveCfg = Debug|x64
		{E696064C-551A-403E-805C-BD09947F7632}.Debug|x64.Build.0 = Debug|x64
		{E696064C-551A-403E-805C-BD09947F7632}.Debug|x86.ActiveCfg = Debug|Win32
		{E696064C-551A-403E-805C-BD09947F7632}.Debug|x86.Build.0 = Debug|Win32
		{E696064C-551A-403E-805C-BD09947F7632}.Release|x64.ActiveCfg = Release|x64
		{E696064C-551A-403E-805C-BD09947F7632}.Release|x64.Build.0 = Release|x64
		{E696064C-551A-403E-805C-BD09947F7632}.Release|x86.ActiveCfg = Release|Win32
		{E696064C-551A-403E-805C-BD09947F7632}.Release|x86.Build.0 = Release|Win32
	EndGlobalSection
	GlobalSection(SolutionProperties) = preSolution
		HideSolutionNode = FALSE
	EndGlobalSection
	GlobalSection(ExtensibilityGlobals) = postSolution
		SolutionGuid = {4C63E50E-C066-4F9F-9347-DC7D12B8F628}
	EndGlobalSection
EndGlobal
