
Microsoft Visual Studio Solution File, Format Version 12.00
# Visual Studio 15
VisualStudioVersion = 15.0.28307.106
MinimumVisualStudioVersion = 10.0.40219.1
Project("{8BC9CEB8-8B4A-11D0-8D11-00A0C91BC942}") = "014 문자열에서의 문자열 길이 구하기", "014 문자열에서의 문자열 길이 구하기\014 문자열에서의 문자열 길이 구하기.vcxproj", "{3223469C-2822-46F1-ACA7-6C365E817B0C}"
EndProject
Global
	GlobalSection(SolutionConfigurationPlatforms) = preSolution
		Debug|x64 = Debug|x64
		Debug|x86 = Debug|x86
		Release|x64 = Release|x64
		Release|x86 = Release|x86
	EndGlobalSection
	GlobalSection(ProjectConfigurationPlatforms) = postSolution
		{3223469C-2822-46F1-ACA7-6C365E817B0C}.Debug|x64.ActiveCfg = Debug|x64
		{3223469C-2822-46F1-ACA7-6C365E817B0C}.Debug|x64.Build.0 = Debug|x64
		{3223469C-2822-46F1-ACA7-6C365E817B0C}.Debug|x86.ActiveCfg = Debug|Win32
		{3223469C-2822-46F1-ACA7-6C365E817B0C}.Debug|x86.Build.0 = Debug|Win32
		{3223469C-2822-46F1-ACA7-6C365E817B0C}.Release|x64.ActiveCfg = Release|x64
		{3223469C-2822-46F1-ACA7-6C365E817B0C}.Release|x64.Build.0 = Release|x64
		{3223469C-2822-46F1-ACA7-6C365E817B0C}.Release|x86.ActiveCfg = Release|Win32
		{3223469C-2822-46F1-ACA7-6C365E817B0C}.Release|x86.Build.0 = Release|Win32
	EndGlobalSection
	GlobalSection(SolutionProperties) = preSolution
		HideSolutionNode = FALSE
	EndGlobalSection
	GlobalSection(ExtensibilityGlobals) = postSolution
		SolutionGuid = {72CD530F-A1D4-4EA3-BBAE-D3272EFBD9C7}
	EndGlobalSection
EndGlobal
