
Microsoft Visual Studio Solution File, Format Version 12.00
# Visual Studio 15
VisualStudioVersion = 15.0.28307.136
MinimumVisualStudioVersion = 10.0.40219.1
Project("{8BC9CEB8-8B4A-11D0-8D11-00A0C91BC942}") = "013 학교 기말고사!", "013 학교 기말고사!\013 학교 기말고사!.vcxproj", "{8AC697E9-701D-4E84-AE94-96B43CFF0E41}"
EndProject
Global
	GlobalSection(SolutionConfigurationPlatforms) = preSolution
		Debug|x64 = Debug|x64
		Debug|x86 = Debug|x86
		Release|x64 = Release|x64
		Release|x86 = Release|x86
	EndGlobalSection
	GlobalSection(ProjectConfigurationPlatforms) = postSolution
		{8AC697E9-701D-4E84-AE94-96B43CFF0E41}.Debug|x64.ActiveCfg = Debug|x64
		{8AC697E9-701D-4E84-AE94-96B43CFF0E41}.Debug|x64.Build.0 = Debug|x64
		{8AC697E9-701D-4E84-AE94-96B43CFF0E41}.Debug|x86.ActiveCfg = Debug|Win32
		{8AC697E9-701D-4E84-AE94-96B43CFF0E41}.Debug|x86.Build.0 = Debug|Win32
		{8AC697E9-701D-4E84-AE94-96B43CFF0E41}.Release|x64.ActiveCfg = Release|x64
		{8AC697E9-701D-4E84-AE94-96B43CFF0E41}.Release|x64.Build.0 = Release|x64
		{8AC697E9-701D-4E84-AE94-96B43CFF0E41}.Release|x86.ActiveCfg = Release|Win32
		{8AC697E9-701D-4E84-AE94-96B43CFF0E41}.Release|x86.Build.0 = Release|Win32
	EndGlobalSection
	GlobalSection(SolutionProperties) = preSolution
		HideSolutionNode = FALSE
	EndGlobalSection
	GlobalSection(ExtensibilityGlobals) = postSolution
		SolutionGuid = {D9241599-2677-4D61-84C5-3CCBB17A6ED1}
	EndGlobalSection
EndGlobal
