
Microsoft Visual Studio Solution File, Format Version 12.00
# Visual Studio 15
VisualStudioVersion = 15.0.28307.106
MinimumVisualStudioVersion = 10.0.40219.1
Project("{8BC9CEB8-8B4A-11D0-8D11-00A0C91BC942}") = "012 공용체 사용하기", "012 공용체 사용하기\012 공용체 사용하기.vcxproj", "{01119D64-1055-41F9-857B-DD67688CA90F}"
EndProject
Global
	GlobalSection(SolutionConfigurationPlatforms) = preSolution
		Debug|x64 = Debug|x64
		Debug|x86 = Debug|x86
		Release|x64 = Release|x64
		Release|x86 = Release|x86
	EndGlobalSection
	GlobalSection(ProjectConfigurationPlatforms) = postSolution
		{01119D64-1055-41F9-857B-DD67688CA90F}.Debug|x64.ActiveCfg = Debug|x64
		{01119D64-1055-41F9-857B-DD67688CA90F}.Debug|x64.Build.0 = Debug|x64
		{01119D64-1055-41F9-857B-DD67688CA90F}.Debug|x86.ActiveCfg = Debug|Win32
		{01119D64-1055-41F9-857B-DD67688CA90F}.Debug|x86.Build.0 = Debug|Win32
		{01119D64-1055-41F9-857B-DD67688CA90F}.Release|x64.ActiveCfg = Release|x64
		{01119D64-1055-41F9-857B-DD67688CA90F}.Release|x64.Build.0 = Release|x64
		{01119D64-1055-41F9-857B-DD67688CA90F}.Release|x86.ActiveCfg = Release|Win32
		{01119D64-1055-41F9-857B-DD67688CA90F}.Release|x86.Build.0 = Release|Win32
	EndGlobalSection
	GlobalSection(SolutionProperties) = preSolution
		HideSolutionNode = FALSE
	EndGlobalSection
	GlobalSection(ExtensibilityGlobals) = postSolution
		SolutionGuid = {2BBF818A-2122-438A-BF16-C6D6DD1DA1B3}
	EndGlobalSection
EndGlobal
